
Microsoft Visual Studio Solution File, Format Version 12.00
# Visual Studio Version 17
VisualStudioVersion = 17.5.002.0
MinimumVisualStudioVersion = 10.0.40219.1
Project("{9A19103F-16F7-4668-BE54-9A1E7A4F7556}") = "xmlVerifier", "xmlVerifier.csproj", "{2C377173-A3C3-4F3C-8540-4A2DFC12295C}"
EndProject
Global
	GlobalSection(SolutionConfigurationPlatforms) = preSolution
		Debug|Any CPU = Debug|Any CPU
		Release|Any CPU = Release|Any CPU
	EndGlobalSection
	GlobalSection(ProjectConfigurationPlatforms) = postSolution
		{2C377173-A3C3-4F3C-8540-4A2DFC12295C}.Debug|Any CPU.ActiveCfg = Debug|Any CPU
		{2C377173-A3C3-4F3C-8540-4A2DFC12295C}.Debug|Any CPU.Build.0 = Debug|Any CPU
		{2C377173-A3C3-4F3C-8540-4A2DFC12295C}.Release|Any CPU.ActiveCfg = Release|Any CPU
		{2C377173-A3C3-4F3C-8540-4A2DFC12295C}.Release|Any CPU.Build.0 = Release|Any CPU
	EndGlobalSection
	GlobalSection(SolutionProperties) = preSolution
		HideSolutionNode = FALSE
	EndGlobalSection
	GlobalSection(ExtensibilityGlobals) = postSolution
		SolutionGuid = {E9449D77-8793-47B0-A426-123DE1660408}
	EndGlobalSection
EndGlobal
